
Microsoft Visual Studio Solution File, Format Version 12.00
# Visual Studio Version 17
VisualStudioVersion = 17.7.34221.43
MinimumVisualStudioVersion = 10.0.40219.1
Project("{FAE04EC0-301F-11D3-BF4B-00C04F79EFBC}") = "Hazi5", "Hazi5\Hazi5.csproj", "{A71DA3E8-50B2-428D-AC88-FF71AB7BDA6C}"
EndProject
Global
	GlobalSection(SolutionConfigurationPlatforms) = preSolution
		Debug|Any CPU = Debug|Any CPU
		Release|Any CPU = Release|Any CPU
	EndGlobalSection
	GlobalSection(ProjectConfigurationPlatforms) = postSolution
		{A71DA3E8-50B2-428D-AC88-FF71AB7BDA6C}.Debug|Any CPU.ActiveCfg = Debug|Any CPU
		{A71DA3E8-50B2-428D-AC88-FF71AB7BDA6C}.Debug|Any CPU.Build.0 = Debug|Any CPU
		{A71DA3E8-50B2-428D-AC88-FF71AB7BDA6C}.Release|Any CPU.ActiveCfg = Release|Any CPU
		{A71DA3E8-50B2-428D-AC88-FF71AB7BDA6C}.Release|Any CPU.Build.0 = Release|Any CPU
	EndGlobalSection
	GlobalSection(SolutionProperties) = preSolution
		HideSolutionNode = FALSE
	EndGlobalSection
	GlobalSection(ExtensibilityGlobals) = postSolution
		SolutionGuid = {F9F55200-802D-4009-886C-F6CAF8C60532}
	EndGlobalSection
EndGlobal
